
Microsoft Visual Studio Solution File, Format Version 12.00
# Visual Studio Version 17
VisualStudioVersion = 17.2.32616.157
MinimumVisualStudioVersion = 10.0.40219.1
Project("{FAE04EC0-301F-11D3-BF4B-00C04F79EFBC}") = "ProduktFinderClient", "ProduktFinderClient\ProduktFinderClient.csproj", "{B01EED84-9991-4D10-A54C-5F57B3F0BE80}"
EndProject
Global
	GlobalSection(SolutionConfigurationPlatforms) = preSolution
		Debug|Any CPU = Debug|Any CPU
		Release|Any CPU = Release|Any CPU
	EndGlobalSection
	GlobalSection(ProjectConfigurationPlatforms) = postSolution
		{B01EED84-9991-4D10-A54C-5F57B3F0BE80}.Debug|Any CPU.ActiveCfg = Debug|Any CPU
		{B01EED84-9991-4D10-A54C-5F57B3F0BE80}.Debug|Any CPU.Build.0 = Debug|Any CPU
		{B01EED84-9991-4D10-A54C-5F57B3F0BE80}.Release|Any CPU.ActiveCfg = Release|Any CPU
		{B01EED84-9991-4D10-A54C-5F57B3F0BE80}.Release|Any CPU.Build.0 = Release|Any CPU
	EndGlobalSection
	GlobalSection(SolutionProperties) = preSolution
		HideSolutionNode = FALSE
	EndGlobalSection
	GlobalSection(ExtensibilityGlobals) = postSolution
		SolutionGuid = {EFB46ED8-3162-4517-B13B-98BB85802458}
	EndGlobalSection
EndGlobal
